Microsoft Visual Studio Solution File, Format Version 12.00
# Visual Studio Version 17
VisualStudioVersion = 17.5.2.0
MinimumVisualStudioVersion = 10.0.40219.1
Project("{FAE04EC0-301F-11D3-BF4B-00C04F79EFBC}") = "PptxGeneratorApp", "PptxGeneratorApp.csproj", "{AA597F0B-0D25-1806-BFF5-E37A1B8AA5B8}"
EndProject
Global
	GlobalSection(SolutionConfigurationPlatforms) = preSolution
		Debug|Any CPU = Debug|Any CPU
		Release|Any CPU = Release|Any CPU
	EndGlobalSection
	GlobalSection(ProjectConfigurationPlatforms) = postSolution
		{AA597F0B-0D25-1806-BFF5-E37A1B8AA5B8}.Debug|Any CPU.ActiveCfg = Debug|Any CPU
		{AA597F0B-0D25-1806-BFF5-E37A1B8AA5B8}.Debug|Any CPU.Build.0 = Debug|Any CPU
		{AA597F0B-0D25-1806-BFF5-E37A1B8AA5B8}.Release|Any CPU.ActiveCfg = Release|Any CPU
		{AA597F0B-0D25-1806-BFF5-E37A1B8AA5B8}.Release|Any CPU.Build.0 = Release|Any CPU
	EndGlobalSection
	GlobalSection(SolutionProperties) = preSolution
		HideSolutionNode = FALSE
	EndGlobalSection
	GlobalSection(ExtensibilityGlobals) = postSolution
		SolutionGuid = {F2A7162F-EA30-47BB-852E-CF55904F6DAF}
	EndGlobalSection
EndGlobal
